
Microsoft Visual Studio Solution File, Format Version 12.00
# Visual Studio Version 16
VisualStudioVersion = 16.0.30717.126
MinimumVisualStudioVersion = 10.0.40219.1
Project("{F184B08F-C81C-45F6-A57F-5ABD9991F28F}") = "prj_supremeofficepro_a174088", "prj_supremeofficepro_a174088\prj_supremeofficepro_a174088.vbproj", "{CD1DD514-ACFE-4F2F-B0C4-978613364EC3}"
EndProject
Project("{54435603-DBB4-11D2-8724-00A0C9A8B90C}") = "SETUP_SUPREME_OFFICE_PRO_A174088", "SETUP_SUPREME_OFFICE_PRO_A174088\SETUP_SUPREME_OFFICE_PRO_A174088.vdproj", "{E73B620E-2B32-40C2-9295-30D34BF3748D}"
EndProject
Global
	GlobalSection(SolutionConfigurationPlatforms) = preSolution
		Debug|Any CPU = Debug|Any CPU
		Release|Any CPU = Release|Any CPU
	EndGlobalSection
	GlobalSection(ProjectConfigurationPlatforms) = postSolution
		{CD1DD514-ACFE-4F2F-B0C4-978613364EC3}.Debug|Any CPU.ActiveCfg = Debug|Any CPU
		{CD1DD514-ACFE-4F2F-B0C4-978613364EC3}.Debug|Any CPU.Build.0 = Debug|Any CPU
		{CD1DD514-ACFE-4F2F-B0C4-978613364EC3}.Release|Any CPU.ActiveCfg = Release|Any CPU
		{CD1DD514-ACFE-4F2F-B0C4-978613364EC3}.Release|Any CPU.Build.0 = Release|Any CPU
		{E73B620E-2B32-40C2-9295-30D34BF3748D}.Debug|Any CPU.ActiveCfg = Debug
		{E73B620E-2B32-40C2-9295-30D34BF3748D}.Release|Any CPU.ActiveCfg = Release
	EndGlobalSection
	GlobalSection(SolutionProperties) = preSolution
		HideSolutionNode = FALSE
	EndGlobalSection
	GlobalSection(ExtensibilityGlobals) = postSolution
		SolutionGuid = {723D629C-E217-4340-9B09-253B76ADF9E1}
	EndGlobalSection
EndGlobal
